
Microsoft Visual Studio Solution File, Format Version 12.00
# Visual Studio Version 17
VisualStudioVersion = 17.14.36121.58
MinimumVisualStudioVersion = 10.0.40219.1
Project("{FAE04EC0-301F-11D3-BF4B-00C04F79EFBC}") = "PicViewEx", "PicViewEx\PicViewEx.csproj", "{12345678-1234-5678-9ABC-123456789ABC}"
EndProject
Project("{FAE04EC0-301F-11D3-BF4B-00C04F79EFBC}") = "rustdll", "gifplayer\rustdll.csproj", "{B9BEC146-6BA5-6C62-CC22-F260498E44CD}"
EndProject
Project("{FAE04EC0-301F-11D3-BF4B-00C04F79EFBC}") = "PicView", "picview_old\PicView.csproj", "{DBA5229E-28D1-0C76-CF61-97BFF18325D9}"
EndProject
Project("{8BC9CEB8-8B4A-11D0-8D11-00A0C91BC942}") = "ClipboardBridge", "ClipboardBridge\ClipboardBridge.vcxproj", "{F5CC6178-1DE6-477C-8B02-7405B0DBD407}"
EndProject
Project("{FAE04EC0-301F-11D3-BF4B-00C04F79EFBC}") = "PicViewEx.ImageChannels", "PicViewEx.ImageChannels\PicViewEx.ImageChannels.csproj", "{FD6E0766-FBB5-4E13-AA2A-070AA5E55E47}"
EndProject
Project("{FAE04EC0-301F-11D3-BF4B-00C04F79EFBC}") = "PicViewEx.ImageSave", "PicViewEx.ImageSave\PicViewEx.ImageSave.csproj", "{60DDD70F-0F2F-4F9B-B9F3-093A23068188}"
EndProject
Global
	GlobalSection(SolutionConfigurationPlatforms) = preSolution
		Debug|Any CPU = Debug|Any CPU
		Debug|x64 = Debug|x64
		Debug|x86 = Debug|x86
		Release|Any CPU = Release|Any CPU
		Release|x64 = Release|x64
		Release|x86 = Release|x86
	EndGlobalSection
	GlobalSection(ProjectConfigurationPlatforms) = postSolution
		{12345678-1234-5678-9ABC-123456789ABC}.Debug|Any CPU.ActiveCfg = Debug|Any CPU
		{12345678-1234-5678-9ABC-123456789ABC}.Debug|Any CPU.Build.0 = Debug|Any CPU
		{12345678-1234-5678-9ABC-123456789ABC}.Debug|x64.ActiveCfg = Debug|Any CPU
		{12345678-1234-5678-9ABC-123456789ABC}.Debug|x64.Build.0 = Debug|Any CPU
		{12345678-1234-5678-9ABC-123456789ABC}.Debug|x86.ActiveCfg = Debug|Any CPU
		{12345678-1234-5678-9ABC-123456789ABC}.Debug|x86.Build.0 = Debug|Any CPU
		{12345678-1234-5678-9ABC-123456789ABC}.Release|Any CPU.ActiveCfg = Release|Any CPU
		{12345678-1234-5678-9ABC-123456789ABC}.Release|Any CPU.Build.0 = Release|Any CPU
		{12345678-1234-5678-9ABC-123456789ABC}.Release|x64.ActiveCfg = Release|Any CPU
		{12345678-1234-5678-9ABC-123456789ABC}.Release|x64.Build.0 = Release|Any CPU
		{12345678-1234-5678-9ABC-123456789ABC}.Release|x86.ActiveCfg = Release|Any CPU
		{12345678-1234-5678-9ABC-123456789ABC}.Release|x86.Build.0 = Release|Any CPU
		{B9BEC146-6BA5-6C62-CC22-F260498E44CD}.Debug|Any CPU.ActiveCfg = Debug|Any CPU
		{B9BEC146-6BA5-6C62-CC22-F260498E44CD}.Debug|Any CPU.Build.0 = Debug|Any CPU
		{B9BEC146-6BA5-6C62-CC22-F260498E44CD}.Debug|x64.ActiveCfg = Debug|Any CPU
		{B9BEC146-6BA5-6C62-CC22-F260498E44CD}.Debug|x64.Build.0 = Debug|Any CPU
		{B9BEC146-6BA5-6C62-CC22-F260498E44CD}.Debug|x86.ActiveCfg = Debug|Any CPU
		{B9BEC146-6BA5-6C62-CC22-F260498E44CD}.Debug|x86.Build.0 = Debug|Any CPU
		{B9BEC146-6BA5-6C62-CC22-F260498E44CD}.Release|Any CPU.ActiveCfg = Release|Any CPU
		{B9BEC146-6BA5-6C62-CC22-F260498E44CD}.Release|Any CPU.Build.0 = Release|Any CPU
		{B9BEC146-6BA5-6C62-CC22-F260498E44CD}.Release|x64.ActiveCfg = Release|Any CPU
		{B9BEC146-6BA5-6C62-CC22-F260498E44CD}.Release|x64.Build.0 = Release|Any CPU
		{B9BEC146-6BA5-6C62-CC22-F260498E44CD}.Release|x86.ActiveCfg = Release|Any CPU
		{B9BEC146-6BA5-6C62-CC22-F260498E44CD}.Release|x86.Build.0 = Release|Any CPU
		{DBA5229E-28D1-0C76-CF61-97BFF18325D9}.Debug|Any CPU.ActiveCfg = Debug|Any CPU
		{DBA5229E-28D1-0C76-CF61-97BFF18325D9}.Debug|Any CPU.Build.0 = Debug|Any CPU
		{DBA5229E-28D1-0C76-CF61-97BFF18325D9}.Debug|x64.ActiveCfg = Debug|Any CPU
		{DBA5229E-28D1-0C76-CF61-97BFF18325D9}.Debug|x64.Build.0 = Debug|Any CPU
		{DBA5229E-28D1-0C76-CF61-97BFF18325D9}.Debug|x86.ActiveCfg = Debug|Any CPU
		{DBA5229E-28D1-0C76-CF61-97BFF18325D9}.Debug|x86.Build.0 = Debug|Any CPU
		{DBA5229E-28D1-0C76-CF61-97BFF18325D9}.Release|Any CPU.ActiveCfg = Release|Any CPU
		{DBA5229E-28D1-0C76-CF61-97BFF18325D9}.Release|Any CPU.Build.0 = Release|Any CPU
		{DBA5229E-28D1-0C76-CF61-97BFF18325D9}.Release|x64.ActiveCfg = Release|Any CPU
		{DBA5229E-28D1-0C76-CF61-97BFF18325D9}.Release|x64.Build.0 = Release|Any CPU
		{DBA5229E-28D1-0C76-CF61-97BFF18325D9}.Release|x86.ActiveCfg = Release|Any CPU
		{DBA5229E-28D1-0C76-CF61-97BFF18325D9}.Release|x86.Build.0 = Release|Any CPU
		{F5CC6178-1DE6-477C-8B02-7405B0DBD407}.Debug|Any CPU.ActiveCfg = Debug|x64
		{F5CC6178-1DE6-477C-8B02-7405B0DBD407}.Debug|Any CPU.Build.0 = Debug|x64
		{F5CC6178-1DE6-477C-8B02-7405B0DBD407}.Debug|x64.ActiveCfg = Debug|x64
		{F5CC6178-1DE6-477C-8B02-7405B0DBD407}.Debug|x64.Build.0 = Debug|x64
		{F5CC6178-1DE6-477C-8B02-7405B0DBD407}.Debug|x86.ActiveCfg = Debug|Win32
		{F5CC6178-1DE6-477C-8B02-7405B0DBD407}.Debug|x86.Build.0 = Debug|Win32
		{F5CC6178-1DE6-477C-8B02-7405B0DBD407}.Release|Any CPU.ActiveCfg = Release|x64
		{F5CC6178-1DE6-477C-8B02-7405B0DBD407}.Release|Any CPU.Build.0 = Release|x64
		{F5CC6178-1DE6-477C-8B02-7405B0DBD407}.Release|x64.ActiveCfg = Release|x64
		{F5CC6178-1DE6-477C-8B02-7405B0DBD407}.Release|x64.Build.0 = Release|x64
		{F5CC6178-1DE6-477C-8B02-7405B0DBD407}.Release|x86.ActiveCfg = Release|Win32
		{F5CC6178-1DE6-477C-8B02-7405B0DBD407}.Release|x86.Build.0 = Release|Win32
		{FD6E0766-FBB5-4E13-AA2A-070AA5E55E47}.Debug|Any CPU.ActiveCfg = Debug|Any CPU
		{FD6E0766-FBB5-4E13-AA2A-070AA5E55E47}.Debug|Any CPU.Build.0 = Debug|Any CPU
		{FD6E0766-FBB5-4E13-AA2A-070AA5E55E47}.Debug|x64.ActiveCfg = Debug|Any CPU
		{FD6E0766-FBB5-4E13-AA2A-070AA5E55E47}.Debug|x64.Build.0 = Debug|Any CPU
		{FD6E0766-FBB5-4E13-AA2A-070AA5E55E47}.Debug|x86.ActiveCfg = Debug|Any CPU
		{FD6E0766-FBB5-4E13-AA2A-070AA5E55E47}.Debug|x86.Build.0 = Debug|Any CPU
		{FD6E0766-FBB5-4E13-AA2A-070AA5E55E47}.Release|Any CPU.ActiveCfg = Release|Any CPU
		{FD6E0766-FBB5-4E13-AA2A-070AA5E55E47}.Release|Any CPU.Build.0 = Release|Any CPU
		{FD6E0766-FBB5-4E13-AA2A-070AA5E55E47}.Release|x64.ActiveCfg = Release|Any CPU
		{FD6E0766-FBB5-4E13-AA2A-070AA5E55E47}.Release|x64.Build.0 = Release|Any CPU
		{FD6E0766-FBB5-4E13-AA2A-070AA5E55E47}.Release|x86.ActiveCfg = Release|Any CPU
		{FD6E0766-FBB5-4E13-AA2A-070AA5E55E47}.Release|x86.Build.0 = Release|Any CPU
		{60DDD70F-0F2F-4F9B-B9F3-093A23068188}.Debug|Any CPU.ActiveCfg = Debug|Any CPU
		{60DDD70F-0F2F-4F9B-B9F3-093A23068188}.Debug|Any CPU.Build.0 = Debug|Any CPU
		{60DDD70F-0F2F-4F9B-B9F3-093A23068188}.Debug|x64.ActiveCfg = Debug|Any CPU
		{60DDD70F-0F2F-4F9B-B9F3-093A23068188}.Debug|x64.Build.0 = Debug|Any CPU
		{60DDD70F-0F2F-4F9B-B9F3-093A23068188}.Debug|x86.ActiveCfg = Debug|Any CPU
		{60DDD70F-0F2F-4F9B-B9F3-093A23068188}.Debug|x86.Build.0 = Debug|Any CPU
		{60DDD70F-0F2F-4F9B-B9F3-093A23068188}.Release|Any CPU.ActiveCfg = Release|Any CPU
		{60DDD70F-0F2F-4F9B-B9F3-093A23068188}.Release|Any CPU.Build.0 = Release|Any CPU
		{60DDD70F-0F2F-4F9B-B9F3-093A23068188}.Release|x64.ActiveCfg = Release|Any CPU
		{60DDD70F-0F2F-4F9B-B9F3-093A23068188}.Release|x64.Build.0 = Release|Any CPU
		{60DDD70F-0F2F-4F9B-B9F3-093A23068188}.Release|x86.ActiveCfg = Release|Any CPU
		{60DDD70F-0F2F-4F9B-B9F3-093A23068188}.Release|x86.Build.0 = Release|Any CPU
	EndGlobalSection
	GlobalSection(SolutionProperties) = preSolution
		HideSolutionNode = FALSE
	EndGlobalSection
	GlobalSection(ExtensibilityGlobals) = postSolution
		SolutionGuid = {937CF059-6FB2-4216-B814-284BE5FAAC5A}
	EndGlobalSection
EndGlobal
